
Microsoft Visual Studio Solution File, Format Version 12.00
# Visual Studio Version 16
VisualStudioVersion = 16.0.30711.63
MinimumVisualStudioVersion = 10.0.40219.1
Project("{FAE04EC0-301F-11D3-BF4B-00C04F79EFBC}") = "DNwpf2", "DNwpf2\DNwpf2.csproj", "{3CC69373-2A4C-4BCF-9B72-0174D893569B}"
EndProject
Global
	GlobalSection(SolutionConfigurationPlatforms) = preSolution
		Debug|Any CPU = Debug|Any CPU
		Release|Any CPU = Release|Any CPU
	EndGlobalSection
	GlobalSection(ProjectConfigurationPlatforms) = postSolution
		{3CC69373-2A4C-4BCF-9B72-0174D893569B}.Debug|Any CPU.ActiveCfg = Debug|Any CPU
		{3CC69373-2A4C-4BCF-9B72-0174D893569B}.Debug|Any CPU.Build.0 = Debug|Any CPU
		{3CC69373-2A4C-4BCF-9B72-0174D893569B}.Release|Any CPU.ActiveCfg = Release|Any CPU
		{3CC69373-2A4C-4BCF-9B72-0174D893569B}.Release|Any CPU.Build.0 = Release|Any CPU
	EndGlobalSection
	GlobalSection(SolutionProperties) = preSolution
		HideSolutionNode = FALSE
	EndGlobalSection
	GlobalSection(ExtensibilityGlobals) = postSolution
		SolutionGuid = {F767EF9E-E7EE-47FB-BB7C-A49D41806CF1}
	EndGlobalSection
EndGlobal
